// !$*UTF8*$!
{
	archiveVersion = 1;
	classes = {
	};
	objectVersion = 46;
	objects = {

/* Begin PBXBuildFile section */
		18C943A81D87A0D6001B2691 /* main.m in Sources */ = {isa = PBXBuildFile; fileRef = 18C943A71D87A0D6001B2691 /* main.m */; };
		18C943AB1D87A0D6001B2691 /* AppDelegate.m in Sources */ = {isa = PBXBuildFile; fileRef = 18C943AA1D87A0D6001B2691 /* AppDelegate.m */; };
		18C943AE1D87A0D6001B2691 /* ViewController.m in Sources */ = {isa = PBXBuildFile; fileRef = 18C943AD1D87A0D6001B2691 /* ViewController.m */; };
		18C943B11D87A0D6001B2691 /* Main.storyboard in Resources */ = {isa = PBXBuildFile; fileRef = 18C943AF1D87A0D6001B2691 /* Main.storyboard */; };
		18C943B31D87A0D6001B2691 /* Assets.xcassets in Resources */ = {isa = PBXBuildFile; fileRef = 18C943B21D87A0D6001B2691 /* Assets.xcassets */; };
		18C943B61D87A0D6001B2691 /* LaunchScreen.storyboard in Resources */ = {isa = PBXBuildFile; fileRef = 18C943B41D87A0D6001B2691 /* LaunchScreen.storyboard */; };
		18C943C11D87A0D6001B2691 /* FZakerTests.m in Sources */ = {isa = PBXBuildFile; fileRef = 18C943C01D87A0D6001B2691 /* FZakerTests.m */; };
		18C943CC1D87A0D6001B2691 /* FZakerUITests.m in Sources */ = {isa = PBXBuildFile; fileRef = 18C943CB1D87A0D6001B2691 /* FZakerUITests.m */; };
/* End PBXBuildFile section */

/* Begin PBXContainerItemProxy section */
		18C943BD1D87A0D6001B2691 /* PBXContainerItemProxy */ = {
			isa = PBXContainerItemProxy;
			containerPortal = 18C9439B1D87A0D5001B2691 /* Project object */;
			proxyType = 1;
			remoteGlobalIDString = 18C943A21D87A0D5001B2691;
			remoteInfo = FZaker;
		};
		18C943C81D87A0D6001B2691 /* PBXContainerItemProxy */ = {
			isa = PBXContainerItemProxy;
			containerPortal = 18C9439B1D87A0D5001B2691 /* Project object */;
			proxyType = 1;
			remoteGlobalIDString = 18C943A21D87A0D5001B2691;
			remoteInfo = FZaker;
		};
/* End PBXContainerItemProxy section */

/* Begin PBXFileReference section */
		18C943A31D87A0D5001B2691 /* FZaker.app */ = {isa = PBXFileReference; explicitFileType = wrapper.application; includeInIndex = 0; path = FZaker.app; sourceTree = BUILT_PRODUCTS_DIR; };
		18C943A71D87A0D6001B2691 /* main.m */ = {isa = PBXFileReference; lastKnownFileType = sourcecode.c.objc; path = main.m; sourceTree = "<group>"; };
		18C943A91D87A0D6001B2691 /* AppDelegate.h */ = {isa = PBXFileReference; lastKnownFileType = sourcecode.c.h; path = AppDelegate.h; sourceTree = "<group>"; };
		18C943AA1D87A0D6001B2691 /* AppDelegate.m */ = {isa = PBXFileReference; lastKnownFileType = sourcecode.c.objc; path = AppDelegate.m; sourceTree = "<group>"; };
		18C943AC1D87A0D6001B2691 /* ViewController.h */ = {isa = PBXFileReference; lastKnownFileType = sourcecode.c.h; path = ViewController.h; sourceTree = "<group>"; };
		18C943AD1D87A0D6001B2691 /* ViewController.m */ = {isa = PBXFileReference; lastKnownFileType = sourcecode.c.objc; path = ViewController.m; sourceTree = "<group>"; };
		18C943B01D87A0D6001B2691 /* Base */ = {isa = PBXFileReference; lastKnownFileType = file.storyboard; name = Base; path = Base.lproj/Main.storyboard; sourceTree = "<group>"; };
		18C943B21D87A0D6001B2691 /* Assets.xcassets */ = {isa = PBXFileReference; lastKnownFileType = folder.assetcatalog; path = Assets.xcassets; sourceTree = "<group>"; };
		18C943B51D87A0D6001B2691 /* Base */ = {isa = PBXFileReference; lastKnownFileType = file.storyboard; name = Base; path = Base.lproj/LaunchScreen.storyboard; sourceTree = "<group>"; };
		18C943B71D87A0D6001B2691 /* Info.plist */ = {isa = PBXFileReference; lastKnownFileType = text.plist.xml; path = Info.plist; sourceTree = "<group>"; };
		18C943BC1D87A0D6001B2691 /* FZakerTests.xctest */ = {isa = PBXFileReference; explicitFileType = wrapper.cfbundle; includeInIndex = 0; path = FZakerTests.xctest; sourceTree = BUILT_PRODUCTS_DIR; };
		18C943C01D87A0D6001B2691 /* FZakerTests.m */ = {isa = PBXFileReference; lastKnownFileType = sourcecode.c.objc; path = FZakerTests.m; sourceTree = "<group>"; };
		18C943C21D87A0D6001B2691 /* Info.plist */ = {isa = PBXFileReference; lastKnownFileType = text.plist.xml; path = Info.plist; sourceTree = "<group>"; };
		18C943C71D87A0D6001B2691 /* FZakerUITests.xctest */ = {isa = PBXFileReference; explicitFileType = wrapper.cfbundle; includeInIndex = 0; path = FZakerUITests.xctest; sourceTree = BUILT_PRODUCTS_DIR; };
		18C943CB1D87A0D6001B2691 /* FZakerUITests.m */ = {isa = PBXFileReference; lastKnownFileType = sourcecode.c.objc; path = FZakerUITests.m; sourceTree = "<group>"; };
		18C943CD1D87A0D6001B2691 /* Info.plist */ = {isa = PBXFileReference; lastKnownFileType = text.plist.xml; path = Info.plist; sourceTree = "<group>"; };
/* End PBXFileReference section */

/* Begin PBXFrameworksBuildPhase section */
		18C943A01D87A0D5001B2691 /* Frameworks */ = {
			isa = PBXFrameworksBuildPhase;
			buildActionMask = 2147483647;
			files = (
			);
			runOnlyForDeploymentPostprocessing = 0;
		};
		18C943B91D87A0D6001B2691 /* Frameworks */ = {
			isa = PBXFrameworksBuildPhase;
			buildActionMask = 2147483647;
			files = (
			);
			runOnlyForDeploymentPostprocessing = 0;
		};
		18C943C41D87A0D6001B2691 /* Frameworks */ = {
			isa = PBXFrameworksBuildPhase;
			buildActionMask = 2147483647;
			files = (
			);
			runOnlyForDeploymentPostprocessing = 0;
		};
/* End PBXFrameworksBuildPhase section */

/* Begin PBXGroup section */
		18C9439A1D87A0D5001B2691 = {
			isa = PBXGroup;
			children = (
				18C943A51D87A0D6001B2691 /* FZaker */,
				18C943BF1D87A0D6001B2691 /* FZakerTests */,
				18C943CA1D87A0D6001B2691 /* FZakerUITests */,
				18C943A41D87A0D5001B2691 /* Products */,
			);
			sourceTree = "<group>";
		};
		18C943A41D87A0D5001B2691 /* Products */ = {
			isa = PBXGroup;
			children = (
				18C943A31D87A0D5001B2691 /* FZaker.app */,
				18C943BC1D87A0D6001B2691 /* FZakerTests.xctest */,
				18C943C71D87A0D6001B2691 /* FZakerUITests.xctest */,
			);
			name = Products;
			sourceTree = "<group>";
		};
		18C943A51D87A0D6001B2691 /* FZaker */ = {
			isa = PBXGroup;
			children = (
				18C943A91D87A0D6001B2691 /* AppDelegate.h */,
				18C943AA1D87A0D6001B2691 /* AppDelegate.m */,
				18C943AC1D87A0D6001B2691 /* ViewController.h */,
				18C943AD1D87A0D6001B2691 /* ViewController.m */,
				18C943AF1D87A0D6001B2691 /* Main.storyboard */,
				18C943B21D87A0D6001B2691 /* Assets.xcassets */,
				18C943B41D87A0D6001B2691 /* LaunchScreen.storyboard */,
				18C943B71D87A0D6001B2691 /* Info.plist */,
				18C943A61D87A0D6001B2691 /* Supporting Files */,
			);
			path = FZaker;
			sourceTree = "<group>";
		};
		18C943A61D87A0D6001B2691 /* Supporting Files */ = {
			isa = PBXGroup;
			children = (
				18C943A71D87A0D6001B2691 /* main.m */,
			);
			name = "Supporting Files";
			sourceTree = "<group>";
		};
		18C943BF1D87A0D6001B2691 /* FZakerTests */ = {
			isa = PBXGroup;
			children = (
				18C943C01D87A0D6001B2691 /* FZakerTests.m */,
				18C943C21D87A0D6001B2691 /* Info.plist */,
			);
			path = FZakerTests;
			sourceTree = "<group>";
		};
		18C943CA1D87A0D6001B2691 /* FZakerUITests */ = {
			isa = PBXGroup;
			children = (
				18C943CB1D87A0D6001B2691 /* FZakerUITests.m */,
				18C943CD1D87A0D6001B2691 /* Info.plist */,
			);
			path = FZakerUITests;
			sourceTree = "<group>";
		};
/* End PBXGroup section */

/* Begin PBXNativeTarget section */
		18C943A21D87A0D5001B2691 /* FZaker */ = {
			isa = PBXNativeTarget;
			buildConfigurationList = 18C943D01D87A0D6001B2691 /* Build configuration list for PBXNativeTarget "FZaker" */;
			buildPhases = (
				18C9439F1D87A0D5001B2691 /* Sources */,
				18C943A01D87A0D5001B2691 /* Frameworks */,
				18C943A11D87A0D5001B2691 /* Resources */,
			);
			buildRules = (
			);
			dependencies = (
			);
			name = FZaker;
			productName = FZaker;
			productReference = 18C943A31D87A0D5001B2691 /* FZaker.app */;
			productType = "com.apple.product-type.application";
		};
		18C943BB1D87A0D6001B2691 /* FZakerTests */ = {
			isa = PBXNativeTarget;
			buildConfigurationList = 18C943D31D87A0D6001B2691 /* Build configuration list for PBXNativeTarget "FZakerTests" */;
			buildPhases = (
				18C943B81D87A0D6001B2691 /* Sources */,
				18C943B91D87A0D6001B2691 /* Frameworks */,
				18C943BA1D87A0D6001B2691 /* Resources */,
			);
			buildRules = (
			);
			dependencies = (
				18C943BE1D87A0D6001B2691 /* PBXTargetDependency */,
			);
			name = FZakerTests;
			productName = FZakerTests;
			productReference = 18C943BC1D87A0D6001B2691 /* FZakerTests.xctest */;
			productType = "com.apple.product-type.bundle.unit-test";
		};
		18C943C61D87A0D6001B2691 /* FZakerUITests */ = {
			isa = PBXNativeTarget;
			buildConfigurationList = 18C943D61D87A0D6001B2691 /* Build configuration list for PBXNativeTarget "FZakerUITests" */;
			buildPhases = (
				18C943C31D87A0D6001B2691 /* Sources */,
				18C943C41D87A0D6001B2691 /* Frameworks */,
				18C943C51D87A0D6001B2691 /* Resources */,
			);
			buildRules = (
			);
			dependencies = (
				18C943C91D87A0D6001B2691 /* PBXTargetDependency */,
			);
			name = FZakerUITests;
			productName = FZakerUITests;
			productReference = 18C943C71D87A0D6001B2691 /* FZakerUITests.xctest */;
			productType = "com.apple.product-type.bundle.ui-testing";
		};
/* End PBXNativeTarget section */

/* Begin PBXProject section */
		18C9439B1D87A0D5001B2691 /* Project object */ = {
			isa = PBXProject;
			attributes = {
				LastUpgradeCheck = 0730;
				ORGANIZATIONNAME = Linitial;
				TargetAttributes = {
					18C943A21D87A0D5001B2691 = {
						CreatedOnToolsVersion = 7.3.1;
					};
					18C943BB1D87A0D6001B2691 = {
						CreatedOnToolsVersion = 7.3.1;
						TestTargetID = 18C943A21D87A0D5001B2691;
					};
					18C943C61D87A0D6001B2691 = {
						CreatedOnToolsVersion = 7.3.1;
						TestTargetID = 18C943A21D87A0D5001B2691;
					};
				};
			};
			buildConfigurationList = 18C9439E1D87A0D5001B2691 /* Build configuration list for PBXProject "FZaker" */;
			compatibilityVersion = "Xcode 3.2";
			developmentRegion = English;
			hasScannedForEncodings = 0;
			knownRegions = (
				en,
				Base,
			);
			mainGroup = 18C9439A1D87A0D5001B2691;
			productRefGroup = 18C943A41D87A0D5001B2691 /* Products */;
			projectDirPath = "";
			projectRoot = "";
			targets = (
				18C943A21D87A0D5001B2691 /* FZaker */,
				18C943BB1D87A0D6001B2691 /* FZakerTests */,
				18C943C61D87A0D6001B2691 /* FZakerUITests */,
			);
		};
/* End PBXProject section */

/* Begin PBXResourcesBuildPhase section */
		18C943A11D87A0D5001B2691 /* Resources */ = {
			isa = PBXResourcesBuildPhase;
			buildActionMask = 2147483647;
			files = (
				18C943B61D87A0D6001B2691 /* LaunchScreen.storyboard in Resources */,
				18C943B31D87A0D6001B2691 /* Assets.xcassets in Resources */,
				18C943B11D87A0D6001B2691 /* Main.storyboard in Resources */,
			);
			runOnlyForDeploymentPostprocessing = 0;
		};
		18C943BA1D87A0D6001B2691 /* Resources */ = {
			isa = PBXResourcesBuildPhase;
			buildActionMask = 2147483647;
			files = (
			);
			runOnlyForDeploymentPostprocessing = 0;
		};
		18C943C51D87A0D6001B2691 /* Resources */ = {
			isa = PBXResourcesBuildPhase;
			buildActionMask = 2147483647;
			files = (
			);
			runOnlyForDeploymentPostprocessing = 0;
		};
/* End PBXResourcesBuildPhase section */

/* Begin PBXSourcesBuildPhase section */
		18C9439F1D87A0D5001B2691 /* Sources */ = {
			isa = PBXSourcesBuildPhase;
			buildActionMask = 2147483647;
			files = (
				18C943AE1D87A0D6001B2691 /* ViewController.m in Sources */,
				18C943AB1D87A0D6001B2691 /* AppDelegate.m in Sources */,
				18C943A81D87A0D6001B2691 /* main.m in Sources */,
			);
			runOnlyForDeploymentPostprocessing = 0;
		};
		18C943B81D87A0D6001B2691 /* Sources */ = {
			isa = PBXSourcesBuildPhase;
			buildActionMask = 2147483647;
			files = (
				18C943C11D87A0D6001B2691 /* FZakerTests.m in Sources */,
			);
			runOnlyForDeploymentPostprocessing = 0;
		};
		18C943C31D87A0D6001B2691 /* Sources */ = {
			isa = PBXSourcesBuildPhase;
			buildActionMask = 2147483647;
			files = (
				18C943CC1D87A0D6001B2691 /* FZakerUITests.m in Sources */,
			);
			runOnlyForDeploymentPostprocessing = 0;
		};
/* End PBXSourcesBuildPhase section */

/* Begin PBXTargetDependency section */
		18C943BE1D87A0D6001B2691 /* PBXTargetDependency */ = {
			isa = PBXTargetDependency;
			target = 18C943A21D87A0D5001B2691 /* FZaker */;
			targetProxy = 18C943BD1D87A0D6001B2691 /* PBXContainerItemProxy */;
		};
		18C943C91D87A0D6001B2691 /* PBXTargetDependency */ = {
			isa = PBXTargetDependency;
			target = 18C943A21D87A0D5001B2691 /* FZaker */;
			targetProxy = 18C943C81D87A0D6001B2691 /* PBXContainerItemProxy */;
		};
/* End PBXTargetDependency section */

/* Begin PBXVariantGroup section */
		18C943AF1D87A0D6001B2691 /* Main.storyboard */ = {
			isa = PBXVariantGroup;
			children = (
				18C943B01D87A0D6001B2691 /* Base */,
			);
			name = Main.storyboard;
			sourceTree = "<group>";
		};
		18C943B41D87A0D6001B2691 /* LaunchScreen.storyboard */ = {
			isa = PBXVariantGroup;
			children = (
				18C943B51D87A0D6001B2691 /* Base */,
			);
			name = LaunchScreen.storyboard;
			sourceTree = "<group>";
		};
/* End PBXVariantGroup section */

/* Begin XCBuildConfiguration section */
		18C943CE1D87A0D6001B2691 /* Debug */ = {
			isa = XCBuildConfiguration;
			buildSettings = {
				ALWAYS_SEARCH_USER_PATHS = NO;
				CLANG_ANALYZER_NONNULL = YES;
				CLANG_CXX_LANGUAGE_STANDARD = "gnu++0x";
				CLANG_CXX_LIBRARY = "libc++";
				CLANG_ENABLE_MODULES = YES;
				CLANG_ENABLE_OBJC_ARC = YES;
				CLANG_WARN_BOOL_CONVERSION = YES;
				CLANG_WARN_CONSTANT_CONVERSION = YES;
				CLANG_WARN_DIRECT_OBJC_ISA_USAGE = YES_ERROR;
				CLANG_WARN_EMPTY_BODY = YES;
				CLANG_WARN_ENUM_CONVERSION = YES;
				CLANG_WARN_INT_CONVERSION = YES;
				CLANG_WARN_OBJC_ROOT_CLASS = YES_ERROR;
				CLANG_WARN_UNREACHABLE_CODE = YES;
				CLANG_WARN__DUPLICATE_METHOD_MATCH = YES;
				"CODE_SIGN_IDENTITY[sdk=iphoneos*]" = "iPhone Developer";
				COPY_PHASE_STRIP = NO;
				DEBUG_INFORMATION_FORMAT = dwarf;
				ENABLE_STRICT_OBJC_MSGSEND = YES;
				ENABLE_TESTABILITY = YES;
				GCC_C_LANGUAGE_STANDARD = gnu99;
				GCC_DYNAMIC_NO_PIC = NO;
				GCC_NO_COMMON_BLOCKS = YES;
				GCC_OPTIMIZATION_LEVEL = 0;
				GCC_PREPROCESSOR_DEFINITIONS = (
					"DEBUG=1",
					"$(inherited)",
				);
				GCC_WARN_64_TO_32_BIT_CONVERSION = YES;
				GCC_WARN_ABOUT_RETURN_TYPE = YES_ERROR;
				GCC_WARN_UNDECLARED_SELECTOR = YES;
				GCC_WARN_UNINITIALIZED_AUTOS = YES_AGGRESSIVE;
				GCC_WARN_UNUSED_FUNCTION = YES;
				GCC_WARN_UNUSED_VARIABLE = YES;
				IPHONEOS_DEPLOYMENT_TARGET = 9.3;
				MTL_ENABLE_DEBUG_INFO = YES;
				ONLY_ACTIVE_ARCH = YES;
				SDKROOT = iphoneos;
			};
			name = Debug;
		};
		18C943CF1D87A0D6001B2691 /* Release */ = {
			isa = XCBuildConfiguration;
			buildSettings = {
				ALWAYS_SEARCH_USER_PATHS = NO;
				CLANG_ANALYZER_NONNULL = YES;
				CLANG_CXX_LANGUAGE_STANDARD = "gnu++0x";
				CLANG_CXX_LIBRARY = "libc++";
				CLANG_ENABLE_MODULES = YES;
				CLANG_ENABLE_OBJC_ARC = YES;
				CLANG_WARN_BOOL_CONVERSION = YES;
				CLANG_WARN_CONSTANT_CONVERSION = YES;
				CLANG_WARN_DIRECT_OBJC_ISA_USAGE = YES_ERROR;
				CLANG_WARN_EMPTY_BODY = YES;
				CLANG_WARN_ENUM_CONVERSION = YES;
				CLANG_WARN_INT_CONVERSION = YES;
				CLANG_WARN_OBJC_ROOT_CLASS = YES_ERROR;
				CLANG_WARN_UNREACHABLE_CODE = YES;
				CLANG_WARN__DUPLICATE_METHOD_MATCH = YES;
				"CODE_SIGN_IDENTITY[sdk=iphoneos*]" = "iPhone Developer";
				COPY_PHASE_STRIP = NO;
				DEBUG_INFORMATION_FORMAT = "dwarf-with-dsym";
				ENABLE_NS_ASSERTIONS = NO;
				ENABLE_STRICT_OBJC_MSGSEND = YES;
				GCC_C_LANGUAGE_STANDARD = gnu99;
				GCC_NO_COMMON_BLOCKS = YES;
				GCC_WARN_64_TO_32_BIT_CONVERSION = YES;
				GCC_WARN_ABOUT_RETURN_TYPE = YES_ERROR;
				GCC_WARN_UNDECLARED_SELECTOR = YES;
				GCC_WARN_UNINITIALIZED_AUTOS = YES_AGGRESSIVE;
				GCC_WARN_UNUSED_FUNCTION = YES;
				GCC_WARN_UNUSED_VARIABLE = YES;
				IPHONEOS_DEPLOYMENT_TARGET = 9.3;
				MTL_ENABLE_DEBUG_INFO = NO;
				SDKROOT = iphoneos;
				VALIDATE_PRODUCT = YES;
			};
			name = Release;
		};
		18C943D11D87A0D6001B2691 /* Debug */ = {
			isa = XCBuildConfiguration;
			buildSettings = {
				ASSETCATALOG_COMPILER_APPICON_NAME = AppIcon;
				INFOPLIST_FILE = FZaker/Info.plist;
				LD_RUNPATH_SEARCH_PATHS = "$(inherited) @executable_path/Frameworks";
				PRODUCT_BUNDLE_IDENTIFIER = com.Linitial.FZaker;
				PRODUCT_NAME = "$(TARGET_NAME)";
			};
			name = Debug;
		};
		18C943D21D87A0D6001B2691 /* Release */ = {
			isa = XCBuildConfiguration;
			buildSettings = {
				ASSETCATALOG_COMPILER_APPICON_NAME = AppIcon;
				INFOPLIST_FILE = FZaker/Info.plist;
				LD_RUNPATH_SEARCH_PATHS = "$(inherited) @executable_path/Frameworks";
				PRODUCT_BUNDLE_IDENTIFIER = com.Linitial.FZaker;
				PRODUCT_NAME = "$(TARGET_NAME)";
			};
			name = Release;
		};
		18C943D41D87A0D6001B2691 /* Debug */ = {
			isa = XCBuildConfiguration;
			buildSettings = {
				BUNDLE_LOADER = "$(TEST_HOST)";
				INFOPLIST_FILE = FZakerTests/Info.plist;
				LD_RUNPATH_SEARCH_PATHS = "$(inherited) @executable_path/Frameworks @loader_path/Frameworks";
				PRODUCT_BUNDLE_IDENTIFIER = com.Linitial.FZakerTests;
				PRODUCT_NAME = "$(TARGET_NAME)";
				TEST_HOST = "$(BUILT_PRODUCTS_DIR)/FZaker.app/FZaker";
			};
			name = Debug;
		};
		18C943D51D87A0D6001B2691 /* Release */ = {
			isa = XCBuildConfiguration;
			buildSettings = {
				BUNDLE_LOADER = "$(TEST_HOST)";
				INFOPLIST_FILE = FZakerTests/Info.plist;
				LD_RUNPATH_SEARCH_PATHS = "$(inherited) @executable_path/Frameworks @loader_path/Frameworks";
				PRODUCT_BUNDLE_IDENTIFIER = com.Linitial.FZakerTests;
				PRODUCT_NAME = "$(TARGET_NAME)";
				TEST_HOST = "$(BUILT_PRODUCTS_DIR)/FZaker.app/FZaker";
			};
			name = Release;
		};
		18C943D71D87A0D6001B2691 /* Debug */ = {
			isa = XCBuildConfiguration;
			buildSettings = {
				INFOPLIST_FILE = FZakerUITests/Info.plist;
				LD_RUNPATH_SEARCH_PATHS = "$(inherited) @executable_path/Frameworks @loader_path/Frameworks";
				PRODUCT_BUNDLE_IDENTIFIER = com.Linitial.FZakerUITests;
				PRODUCT_NAME = "$(TARGET_NAME)";
				TEST_TARGET_NAME = FZaker;
			};
			name = Debug;
		};
		18C943D81D87A0D6001B2691 /* Release */ = {
			isa = XCBuildConfiguration;
			buildSettings = {
				INFOPLIST_FILE = FZakerUITests/Info.plist;
				LD_RUNPATH_SEARCH_PATHS = "$(inherited) @executable_path/Frameworks @loader_path/Frameworks";
				PRODUCT_BUNDLE_IDENTIFIER = com.Linitial.FZakerUITests;
				PRODUCT_NAME = "$(TARGET_NAME)";
				TEST_TARGET_NAME = FZaker;
			};
			name = Release;
		};
/* End XCBuildConfiguration section */

/* Begin XCConfigurationList section */
		18C9439E1D87A0D5001B2691 /* Build configuration list for PBXProject "FZaker" */ = {
			isa = XCConfigurationList;
			buildConfigurations = (
				18C943CE1D87A0D6001B2691 /* Debug */,
				18C943CF1D87A0D6001B2691 /* Release */,
			);
			defaultConfigurationIsVisible = 0;
			defaultConfigurationName = Release;
		};
		18C943D01D87A0D6001B2691 /* Build configuration list for PBXNativeTarget "FZaker" */ = {
			isa = XCConfigurationList;
			buildConfigurations = (
				18C943D11D87A0D6001B2691 /* Debug */,
				18C943D21D87A0D6001B2691 /* Release */,
			);
			defaultConfigurationIsVisible = 0;
		};
		18C943D31D87A0D6001B2691 /* Build configuration list for PBXNativeTarget "FZakerTests" */ = {
			isa = XCConfigurationList;
			buildConfigurations = (
				18C943D41D87A0D6001B2691 /* Debug */,
				18C943D51D87A0D6001B2691 /* Release */,
			);
			defaultConfigurationIsVisible = 0;
		};
		18C943D61D87A0D6001B2691 /* Build configuration list for PBXNativeTarget "FZakerUITests" */ = {
			isa = XCConfigurationList;
			buildConfigurations = (
				18C943D71D87A0D6001B2691 /* Debug */,
				18C943D81D87A0D6001B2691 /* Release */,
			);
			defaultConfigurationIsVisible = 0;
		};
/* End XCConfigurationList section */
	};
	rootObject = 18C9439B1D87A0D5001B2691 /* Project object */;
}
